
Microsoft Visual Studio Solution File, Format Version 12.00
# Visual Studio Version 17
VisualStudioVersion = 17.13.35931.197 d17.13
MinimumVisualStudioVersion = 10.0.40219.1
Project("{FAE04EC0-301F-11D3-BF4B-00C04F79EFBC}") = "TowerAttack", "TowerAttack\TowerAttack.csproj", "{99163AC3-B591-4B38-B4E2-3D07DDC7A788}"
EndProject
Global
	GlobalSection(SolutionConfigurationPlatforms) = preSolution
		Debug|Any CPU = Debug|Any CPU
		Release|Any CPU = Release|Any CPU
	EndGlobalSection
	GlobalSection(ProjectConfigurationPlatforms) = postSolution
		{99163AC3-B591-4B38-B4E2-3D07DDC7A788}.Debug|Any CPU.ActiveCfg = Debug|Any CPU
		{99163AC3-B591-4B38-B4E2-3D07DDC7A788}.Debug|Any CPU.Build.0 = Debug|Any CPU
		{99163AC3-B591-4B38-B4E2-3D07DDC7A788}.Release|Any CPU.ActiveCfg = Release|Any CPU
		{99163AC3-B591-4B38-B4E2-3D07DDC7A788}.Release|Any CPU.Build.0 = Release|Any CPU
	EndGlobalSection
	GlobalSection(SolutionProperties) = preSolution
		HideSolutionNode = FALSE
	EndGlobalSection
	GlobalSection(ExtensibilityGlobals) = postSolution
		SolutionGuid = {05F25378-9BAC-4058-BF23-9324CB0F4EBC}
	EndGlobalSection
EndGlobal
